github.com/daman1807/deck v0.0.0-20220103162001-0c80ba456b81 h1:wR7idZDNH+EnLahm6fh0aPHGw7cVUGHbUJF4DAS+cgU=
github.com/daman1807/deck v0.0.0-20220103162001-0c80ba456b81/go.mod h1:Qb9wDJ2W1RvoVN56/cOi51efTkmwFnotS624ayhlFWw=
github.com/daman1807/deck v1.0.0 h1:iRxwFmmWrtdssFLCq+iUUBbliLB/z7RIanHbgQgEXzc=
github.com/daman1807/deck v1.0.0/go.mod h1:Qb9wDJ2W1RvoVN56/cOi51efTkmwFnotS624ayhlFWw=
github.com/daman1807/deck v1.0.1 h1:iLYPZbbLnzeXhmJtnQ/CdhvXqlq40jPLWP3Bea27HQg=
github.com/daman1807/deck v1.0.1/go.mod h1:Qb9wDJ2W1RvoVN56/cOi51efTkmwFnotS624ayhlFWw=
github.com/daman1807/deck v1.0.2 h1:3GO/JtJzRE1ZoRhjHaus3/36UfOtZs+qeOPxfoZl0mM=
github.com/daman1807/deck v1.0.2/go.mod h1:Qb9wDJ2W1RvoVN56/cOi51efTkmwFnotS624ayhlFWw=
github.com/daman1807/deck v1.0.3 h1:JCckgD/GhhzjgUkjBBrFqfydPIU5W1rnJ7Y6HQC/lVY=
github.com/daman1807/deck v1.0.3/go.mod h1:Qb9wDJ2W1RvoVN56/cOi51efTkmwFnotS624ayhlFWw=
github.com/daman1807/deck v1.0.4 h1:RduEr11UvSn1hB1oyReSilnN4sBn6YcvraUDYkSmmNQ=
github.com/daman1807/deck v1.0.4/go.mod h1:Qb9wDJ2W1RvoVN56/cOi51efTkmwFnotS624ayhlFWw=
github.com/daman1807/deck v1.0.5 h1:swBcosnjqEF+OLgpplSZjhkChDJfkjxdW6mKSBOl9I4=
github.com/daman1807/deck v1.0.5/go.mod h1:Qb9wDJ2W1RvoVN56/cOi51efTkmwFnotS624ayhlFWw=
